
Microsoft Visual Studio Solution File, Format Version 12.00
# Visual Studio Version 17
VisualStudioVersion = 17.8.34316.72
MinimumVisualStudioVersion = 10.0.40219.1
Project("{9A19103F-16F7-4668-BE54-9A1E7A4F7556}") = "IO.Swagger", "src\IO.Swagger\IO.Swagger.csproj", "{6FE2A4FD-6676-4BBC-82A1-C9DBA1617C7B}"
EndProject
Global
	GlobalSection(SolutionConfigurationPlatforms) = preSolution
		Debug|Any CPU = Debug|Any CPU
		Release|Any CPU = Release|Any CPU
	EndGlobalSection
	GlobalSection(ProjectConfigurationPlatforms) = postSolution
		{6FE2A4FD-6676-4BBC-82A1-C9DBA1617C7B}.Debug|Any CPU.ActiveCfg = Debug|Any CPU
		{6FE2A4FD-6676-4BBC-82A1-C9DBA1617C7B}.Debug|Any CPU.Build.0 = Debug|Any CPU
		{6FE2A4FD-6676-4BBC-82A1-C9DBA1617C7B}.Release|Any CPU.ActiveCfg = Release|Any CPU
		{6FE2A4FD-6676-4BBC-82A1-C9DBA1617C7B}.Release|Any CPU.Build.0 = Release|Any CPU
	EndGlobalSection
	GlobalSection(SolutionProperties) = preSolution
		HideSolutionNode = FALSE
	EndGlobalSection
	GlobalSection(ExtensibilityGlobals) = postSolution
		SolutionGuid = {33385269-2A64-46F5-B4E9-247FB6FC4DA6}
	EndGlobalSection
EndGlobal
